{
    "version": 3,
    "terraform_version": "0.11.11",
    "serial": 19,
    "lineage": "6c7d7e05-f4bc-a60c-2152-3e8e5c9bd5a8",
    "modules": [
        {
            "path": [
                "root"
            ],
            "outputs": {
                "public_ip": {
                    "sensitive": false,
                    "type": "string",
                    "value": "54.202.32.252"
                }
            },
            "resources": {
                "aws_instance.prometheus": {
                    "type": "aws_instance",
                    "depends_on": [
                        "aws_key_pair.prometheus_key",
                        "aws_security_group.prometheus_security_group",
                        "data.aws_ami.centos",
                        "data.aws_availability_zones.all"
                    ],
                    "primary": {
                        "id": "i-02f0e3e807cefd9ce",
                        "attributes": {
                            "ami": "ami-01ed306a12b7d1c96",
                            "arn": "arn:aws:ec2:us-west-2:371988892900:instance/i-02f0e3e807cefd9ce",
                            "associate_public_ip_address": "true",
                            "availability_zone": "us-west-2a",
                            "cpu_core_count": "4",
                            "cpu_threads_per_core": "1",
                            "credit_specification.#": "1",
                            "credit_specification.0.cpu_credits": "standard",
                            "disable_api_termination": "false",
                            "ebs_block_device.#": "1",
                            "ebs_block_device.2576023345.delete_on_termination": "true",
                            "ebs_block_device.2576023345.device_name": "/dev/sdb",
                            "ebs_block_device.2576023345.encrypted": "false",
                            "ebs_block_device.2576023345.iops": "750",
                            "ebs_block_device.2576023345.snapshot_id": "",
                            "ebs_block_device.2576023345.volume_id": "vol-05811923bcf827370",
                            "ebs_block_device.2576023345.volume_size": "250",
                            "ebs_block_device.2576023345.volume_type": "gp2",
                            "ebs_optimized": "false",
                            "ephemeral_block_device.#": "0",
                            "get_password_data": "false",
                            "iam_instance_profile": "",
                            "id": "i-02f0e3e807cefd9ce",
                            "instance_state": "running",
                            "instance_type": "t2.xlarge",
                            "ipv6_addresses.#": "0",
                            "key_name": "prometheus-key",
                            "monitoring": "false",
                            "network_interface.#": "0",
                            "network_interface_id": "eni-048365a90fd9ab015",
                            "password_data": "",
                            "placement_group": "",
                            "primary_network_interface_id": "eni-048365a90fd9ab015",
                            "private_dns": "ip-10-0-12-195.us-west-2.compute.internal",
                            "private_ip": "10.0.12.195",
                            "public_dns": "",
                            "public_ip": "54.202.32.252",
                            "root_block_device.#": "1",
                            "root_block_device.0.delete_on_termination": "false",
                            "root_block_device.0.iops": "100",
                            "root_block_device.0.volume_id": "vol-0d78a4946bdfeeb44",
                            "root_block_device.0.volume_size": "8",
                            "root_block_device.0.volume_type": "gp2",
                            "security_groups.#": "0",
                            "source_dest_check": "true",
                            "subnet_id": "subnet-8ec543c5",
                            "tags.%": "2",
                            "tags.Name": "Prometheus Instance",
                            "tags.User": "jb",
                            "tenancy": "default",
                            "user_data": "a1032e62b48495e21c81588091bc2081225d778b",
                            "volume_tags.%": "0",
                            "vpc_security_group_ids.#": "1",
                            "vpc_security_group_ids.4083159981": "sg-0946091c99bfc910e"
                        },
                        "meta": {
                            "e2bfb730-ecaa-11e6-8f88-34363bc7c4c0": {
                                "create": 600000000000,
                                "delete": 1200000000000,
                                "update": 600000000000
                            },
                            "schema_version": "1"
                        },
                        "tainted": false
                    },
                    "deposed": [],
                    "provider": "provider.aws"
                },
                "aws_key_pair.prometheus_key": {
                    "type": "aws_key_pair",
                    "depends_on": [],
                    "primary": {
                        "id": "prometheus-key",
                        "attributes": {
                            "fingerprint": "a3:1d:10:9a:81:9b:35:4f:71:f6:e7:bc:9e:24:d6:3c",
                            "id": "prometheus-key",
                            "key_name": "prometheus-key",
                            "public_key": "ssh-rsa AAAAB3NzaC1yc2EAAAADAQABAAABAQDCsD2NuGg7ebyPoyVW/4z1/CMAkA/VFO6NEglhzem3Gt6Q8+gI2f0C6i9M6tATaaMAynwKTKi1isovgwcdJ5ima2Z3V3kE8zfZGeuvK8RBmkIXoEa64Ces3NMXE/6S7I/l9wDzK1v+/Ykw1tIyNp1vd/mbAMUaX+la94srw6I7pDfguLOMfBgRiu9hTY//8C923PIRMYh8ATLbB/7qycyTmYmbK8/cMtErIP4b2E+kQ353k3SQhJk70kAD0fwKO0L1bWsSfsOumZiKg/6XDm1jYm6EnAEjDUqmgtmSxopG5PEgC+TtOkwY/p77BqNJNHyIkOyjqsk9rHadGXqMkzlr jbedard@jb_mbp_2.home"
                        },
                        "meta": {
                            "schema_version": "1"
                        },
                        "tainted": false
                    },
                    "deposed": [],
                    "provider": "provider.aws"
                },
                "aws_security_group.prometheus_security_group": {
                    "type": "aws_security_group",
                    "depends_on": [],
                    "primary": {
                        "id": "sg-0946091c99bfc910e",
                        "attributes": {
                            "arn": "arn:aws:ec2:us-west-2:371988892900:security-group/sg-0946091c99bfc910e",
                            "description": "Prometheus inbound traffic rules",
                            "egress.#": "0",
                            "id": "sg-0946091c99bfc910e",
                            "ingress.#": "0",
                            "name": "prometheus_security_group",
                            "owner_id": "371988892900",
                            "revoke_rules_on_delete": "false",
                            "tags.%": "2",
                            "tags.Name": "Prometheus Security Group",
                            "tags.User": "jb",
                            "vpc_id": "vpc-61555418"
                        },
                        "meta": {
                            "e2bfb730-ecaa-11e6-8f88-34363bc7c4c0": {
                                "create": 600000000000,
                                "delete": 600000000000
                            },
                            "schema_version": "1"
                        },
                        "tainted": false
                    },
                    "deposed": [],
                    "provider": "provider.aws"
                },
                "aws_security_group_rule.allow_outbound_traffic": {
                    "type": "aws_security_group_rule",
                    "depends_on": [
                        "aws_security_group.prometheus_security_group"
                    ],
                    "primary": {
                        "id": "sgrule-3718737275",
                        "attributes": {
                            "cidr_blocks.#": "1",
                            "cidr_blocks.0": "0.0.0.0/0",
                            "description": "Outbound Traffic",
                            "from_port": "0",
                            "id": "sgrule-3718737275",
                            "protocol": "-1",
                            "security_group_id": "sg-0946091c99bfc910e",
                            "self": "false",
                            "to_port": "0",
                            "type": "egress"
                        },
                        "meta": {
                            "schema_version": "2"
                        },
                        "tainted": false
                    },
                    "deposed": [],
                    "provider": "provider.aws"
                },
                "aws_security_group_rule.allow_ssh": {
                    "type": "aws_security_group_rule",
                    "depends_on": [
                        "aws_security_group.prometheus_security_group"
                    ],
                    "primary": {
                        "id": "sgrule-594420691",
                        "attributes": {
                            "cidr_blocks.#": "1",
                            "cidr_blocks.0": "0.0.0.0/0",
                            "description": "Allow ssh inbound traffic",
                            "from_port": "22",
                            "id": "sgrule-594420691",
                            "protocol": "tcp",
                            "security_group_id": "sg-0946091c99bfc910e",
                            "self": "false",
                            "to_port": "22",
                            "type": "ingress"
                        },
                        "meta": {
                            "schema_version": "2"
                        },
                        "tainted": false
                    },
                    "deposed": [],
                    "provider": "provider.aws"
                },
                "aws_security_group_rule.allow_web_ui": {
                    "type": "aws_security_group_rule",
                    "depends_on": [
                        "aws_security_group.prometheus_security_group"
                    ],
                    "primary": {
                        "id": "sgrule-574187276",
                        "attributes": {
                            "cidr_blocks.#": "1",
                            "cidr_blocks.0": "0.0.0.0/0",
                            "description": "Prometheus Web UI Proxy",
                            "from_port": "443",
                            "id": "sgrule-574187276",
                            "protocol": "tcp",
                            "security_group_id": "sg-0946091c99bfc910e",
                            "self": "false",
                            "to_port": "443",
                            "type": "ingress"
                        },
                        "meta": {
                            "schema_version": "2"
                        },
                        "tainted": false
                    },
                    "deposed": [],
                    "provider": "provider.aws"
                },
                "data.aws_ami.centos": {
                    "type": "aws_ami",
                    "depends_on": [],
                    "primary": {
                        "id": "ami-01ed306a12b7d1c96",
                        "attributes": {
                            "architecture": "x86_64",
                            "block_device_mappings.#": "1",
                            "block_device_mappings.1270490221.device_name": "/dev/sda1",
                            "block_device_mappings.1270490221.ebs.%": "6",
                            "block_device_mappings.1270490221.ebs.delete_on_termination": "false",
                            "block_device_mappings.1270490221.ebs.encrypted": "false",
                            "block_device_mappings.1270490221.ebs.iops": "0",
                            "block_device_mappings.1270490221.ebs.snapshot_id": "snap-040d21883a90fad29",
                            "block_device_mappings.1270490221.ebs.volume_size": "8",
                            "block_device_mappings.1270490221.ebs.volume_type": "gp2",
                            "block_device_mappings.1270490221.no_device": "",
                            "block_device_mappings.1270490221.virtual_name": "",
                            "creation_date": "2019-01-30T23:43:37.000Z",
                            "description": "CentOS Linux 7 x86_64 HVM EBS ENA 1901_01",
                            "filter.#": "3",
                            "filter.1281954306.name": "root-device-type",
                            "filter.1281954306.values.#": "1",
                            "filter.1281954306.values.0": "ebs",
                            "filter.3159887878.name": "name",
                            "filter.3159887878.values.#": "1",
                            "filter.3159887878.values.0": "CentOS Linux 7 x86_64 HVM EBS *",
                            "filter.3386043752.name": "architecture",
                            "filter.3386043752.values.#": "1",
                            "filter.3386043752.values.0": "x86_64",
                            "hypervisor": "xen",
                            "id": "ami-01ed306a12b7d1c96",
                            "image_id": "ami-01ed306a12b7d1c96",
                            "image_location": "aws-marketplace/CentOS Linux 7 x86_64 HVM EBS ENA 1901_01-b7ee8a69-ee97-4a49-9e68-afaee216db2e-ami-05713873c6794f575.4",
                            "image_owner_alias": "aws-marketplace",
                            "image_type": "machine",
                            "most_recent": "true",
                            "name": "CentOS Linux 7 x86_64 HVM EBS ENA 1901_01-b7ee8a69-ee97-4a49-9e68-afaee216db2e-ami-05713873c6794f575.4",
                            "owner_id": "679593333241",
                            "owners.#": "1",
                            "owners.0": "679593333241",
                            "product_codes.#": "1",
                            "product_codes.347650389.product_code_id": "aw0evgkw8e5c1q413zgy5pjce",
                            "product_codes.347650389.product_code_type": "marketplace",
                            "public": "true",
                            "root_device_name": "/dev/sda1",
                            "root_device_type": "ebs",
                            "root_snapshot_id": "snap-040d21883a90fad29",
                            "sriov_net_support": "simple",
                            "state": "available",
                            "state_reason.%": "2",
                            "state_reason.code": "UNSET",
                            "state_reason.message": "UNSET",
                            "tags.%": "0",
                            "virtualization_type": "hvm"
                        },
                        "meta": {},
                        "tainted": false
                    },
                    "deposed": [],
                    "provider": "provider.aws"
                },
                "data.aws_availability_zones.all": {
                    "type": "aws_availability_zones",
                    "depends_on": [],
                    "primary": {
                        "id": "2019-02-16 00:36:58.436971 +0000 UTC",
                        "attributes": {
                            "id": "2019-02-16 00:36:58.436971 +0000 UTC",
                            "names.#": "3",
                            "names.0": "us-west-2a",
                            "names.1": "us-west-2b",
                            "names.2": "us-west-2c",
                            "zone_ids.#": "3",
                            "zone_ids.0": "usw2-az2",
                            "zone_ids.1": "usw2-az1",
                            "zone_ids.2": "usw2-az3"
                        },
                        "meta": {},
                        "tainted": false
                    },
                    "deposed": [],
                    "provider": "provider.aws"
                }
            },
            "depends_on": []
        }
    ]
}
